<Solution>
  <Folder Name="/src/">
    <Project Path="src/PinAnything.App/PinAnything.App.csproj" />
    <Project Path="src/PinAnything.Core/PinAnything.Core.csproj" />
    <Project Path="src/PinAnything.Storage/PinAnything.Storage.csproj" />
    <Project Path="src/PinAnything.Windows/PinAnything.Windows.csproj" />
  </Folder>
  <Folder Name="/tests/">
    <Project Path="tests/PinAnything.Tests/PinAnything.Tests.csproj" />
  </Folder>
</Solution>
